PODS:
  - DarklyEventSource (4.0.1)
  - LaunchDarkly (4.1.0):
    - LaunchDarkly/Core (= 4.1.0)
  - LaunchDarkly/Core (4.1.0):
    - DarklyEventSource (~> 4.0.1)

DEPENDENCIES:
  - LaunchDarkly (= 4.1.0)

SPEC REPOS:
  https://github.com/cocoapods/specs.git:
    - DarklyEventSource
    - LaunchDarkly

SPEC CHECKSUMS:
  DarklyEventSource: d3a3482edd0451dc6d2b3844b8fc30e4ca73de30
  LaunchDarkly: fa9bf325f72804c0c8e0e06f6704ca89da961906

PODFILE CHECKSUM: 41fe51b932f39dffba08a37e2c8b0fcf38efda55

COCOAPODS: 1.7.0
