PODS:
  - LaunchDarkly (9.0.2):
    - LaunchDarkly/Core (= 9.0.2)
  - LaunchDarkly/Core (9.0.2):
    - LDSwiftEventSource (= 3.1.1)
  - LDSwiftEventSource (3.1.1)

DEPENDENCIES:
  - LaunchDarkly (~> 9.0.2)

SPEC REPOS:
  trunk:
    - LaunchDarkly
    - LDSwiftEventSource

SPEC CHECKSUMS:
  LaunchDarkly: 8f517dee5c26972440a3f1488ca47194137a5eaa
  LDSwiftEventSource: 3f9ff84ca80677f9a4f8596757dcb50026e4a13c

PODFILE CHECKSUM: 2bfb554507ba6fdb30b7668332574c950b90ca4c

COCOAPODS: 1.12.1
