// !$*UTF8*$!
{
	archiveVersion = 1;
	classes = {
	};
	objectVersion = 46;
	objects = {

/* Begin PBXBuildFile section */
		0C8739C811C14E46DFBE7EC6 /* Pods_hello_ios_swift.framework in Frameworks */ = {isa = PBXBuildFile; fileRef = A237CF9253DA46C4AF7104BD /* Pods_hello_ios_swift.framework */; };
		77B731B81E99CCB60048C491 /* AppDelegate.swift in Sources */ = {isa = PBXBuildFile; fileRef = 77B731B71E99CCB60048C491 /* AppDelegate.swift */; };
		77B731BA1E99CCB60048C491 /* ViewController.swift in Sources */ = {isa = PBXBuildFile; fileRef = 77B731B91E99CCB60048C491 /* ViewController.swift */; };
		77B731BD1E99CCB60048C491 /* Main.storyboard in Resources */ = {isa = PBXBuildFile; fileRef = 77B731BB1E99CCB60048C491 /* Main.storyboard */; };
		77B731BF1E99CCB60048C491 /* Assets.xcassets in Resources */ = {isa = PBXBuildFile; fileRef = 77B731BE1E99CCB60048C491 /* Assets.xcassets */; };
		77B731C21E99CCB60048C491 /* LaunchScreen.storyboard in Resources */ = {isa = PBXBuildFile; fileRef = 77B731C01E99CCB60048C491 /* LaunchScreen.storyboard */; };
/* End PBXBuildFile section */

/* Begin PBXFileReference section */
		1CF82152221BE298F80D4902 /* Pods-hello-ios-swift.debug.xcconfig */ = {isa = PBXFileReference; includeInIndex = 1; lastKnownFileType = text.xcconfig; name = "Pods-hello-ios-swift.debug.xcconfig"; path = "Pods/Target Support Files/Pods-hello-ios-swift/Pods-hello-ios-swift.debug.xcconfig"; sourceTree = "<group>"; };
		2F47F340C8D479912A787523 /* Pods-hello-ios-swift.release.xcconfig */ = {isa = PBXFileReference; includeInIndex = 1; lastKnownFileType = text.xcconfig; name = "Pods-hello-ios-swift.release.xcconfig"; path = "Pods/Target Support Files/Pods-hello-ios-swift/Pods-hello-ios-swift.release.xcconfig"; sourceTree = "<group>"; };
		77B731B41E99CCB60048C491 /* hello-ios-swift.app */ = {isa = PBXFileReference; explicitFileType = wrapper.application; includeInIndex = 0; path = "hello-ios-swift.app"; sourceTree = BUILT_PRODUCTS_DIR; };
		77B731B71E99CCB60048C491 /* AppDelegate.swift */ = {isa = PBXFileReference; lastKnownFileType = sourcecode.swift; path = AppDelegate.swift; sourceTree = "<group>"; };
		77B731B91E99CCB60048C491 /* ViewController.swift */ = {isa = PBXFileReference; lastKnownFileType = sourcecode.swift; path = ViewController.swift; sourceTree = "<group>"; };
		77B731BC1E99CCB60048C491 /* Base */ = {isa = PBXFileReference; lastKnownFileType = file.storyboard; name = Base; path = Base.lproj/Main.storyboard; sourceTree = "<group>"; };
		77B731BE1E99CCB60048C491 /* Assets.xcassets */ = {isa = PBXFileReference; lastKnownFileType = folder.assetcatalog; path = Assets.xcassets; sourceTree = "<group>"; };
		77B731C11E99CCB60048C491 /* Base */ = {isa = PBXFileReference; lastKnownFileType = file.storyboard; name = Base; path = Base.lproj/LaunchScreen.storyboard; sourceTree = "<group>"; };
		77B731C31E99CCB60048C491 /* Info.plist */ = {isa = PBXFileReference; lastKnownFileType = text.plist.xml; path = Info.plist; sourceTree = "<group>"; };
		A237CF9253DA46C4AF7104BD /* Pods_hello_ios_swift.framework */ = {isa = PBXFileReference; explicitFileType = wrapper.framework; includeInIndex = 0; path = Pods_hello_ios_swift.framework; sourceTree = BUILT_PRODUCTS_DIR; };
/* End PBXFileReference section */

/* Begin PBXFrameworksBuildPhase section */
		77B731B11E99CCB60048C491 /* Frameworks */ = {
			isa = PBXFrameworksBuildPhase;
			buildActionMask = 2147483647;
			files = (
				0C8739C811C14E46DFBE7EC6 /* Pods_hello_ios_swift.framework in Frameworks */,
			);
			runOnlyForDeploymentPostprocessing = 0;
		};
/* End PBXFrameworksBuildPhase section */

/* Begin PBXGroup section */
		70479A7C80093A8461CC406C /* Frameworks */ = {
			isa = PBXGroup;
			children = (
				A237CF9253DA46C4AF7104BD /* Pods_hello_ios_swift.framework */,
			);
			name = Frameworks;
			sourceTree = "<group>";
		};
		77B731AB1E99CCB60048C491 = {
			isa = PBXGroup;
			children = (
				77B731B61E99CCB60048C491 /* hello-ios-swift */,
				77B731B51E99CCB60048C491 /* Products */,
				C47B9E232EDDFF3B3056974D /* Pods */,
				70479A7C80093A8461CC406C /* Frameworks */,
			);
			sourceTree = "<group>";
		};
		77B731B51E99CCB60048C491 /* Products */ = {
			isa = PBXGroup;
			children = (
				77B731B41E99CCB60048C491 /* hello-ios-swift.app */,
			);
			name = Products;
			sourceTree = "<group>";
		};
		77B731B61E99CCB60048C491 /* hello-ios-swift */ = {
			isa = PBXGroup;
			children = (
				77B731B71E99CCB60048C491 /* AppDelegate.swift */,
				77B731B91E99CCB60048C491 /* ViewController.swift */,
				77B731BB1E99CCB60048C491 /* Main.storyboard */,
				77B731BE1E99CCB60048C491 /* Assets.xcassets */,
				77B731C01E99CCB60048C491 /* LaunchScreen.storyboard */,
				77B731C31E99CCB60048C491 /* Info.plist */,
			);
			path = "hello-ios-swift";
			sourceTree = "<group>";
		};
		C47B9E232EDDFF3B3056974D /* Pods */ = {
			isa = PBXGroup;
			children = (
				1CF82152221BE298F80D4902 /* Pods-hello-ios-swift.debug.xcconfig */,
				2F47F340C8D479912A787523 /* Pods-hello-ios-swift.release.xcconfig */,
			);
			name = Pods;
			sourceTree = "<group>";
		};
/* End PBXGroup section */

/* Begin PBXNativeTarget section */
		77B731B31E99CCB60048C491 /* hello-ios-swift */ = {
			isa = PBXNativeTarget;
			buildConfigurationList = 77B731C61E99CCB60048C491 /* Build configuration list for PBXNativeTarget "hello-ios-swift" */;
			buildPhases = (
				B9B50CABEA8814C99928CF10 /* [CP] Check Pods Manifest.lock */,
				77B731B01E99CCB60048C491 /* Sources */,
				77B731B11E99CCB60048C491 /* Frameworks */,
				77B731B21E99CCB60048C491 /* Resources */,
				C89B5F3EB90A623C6EC41327 /* [CP] Embed Pods Frameworks */,
				F980D88DDC994E169E5E1F21 /* [CP] Copy Pods Resources */,
			);
			buildRules = (
			);
			dependencies = (
			);
			name = "hello-ios-swift";
			productName = "hello-ios-swift";
			productReference = 77B731B41E99CCB60048C491 /* hello-ios-swift.app */;
			productType = "com.apple.product-type.application";
		};
/* End PBXNativeTarget section */

/* Begin PBXProject section */
		77B731AC1E99CCB60048C491 /* Project object */ = {
			isa = PBXProject;
			attributes = {
				LastSwiftUpdateCheck = 0830;
				LastUpgradeCheck = 0830;
				ORGANIZATIONNAME = LaunchDarkly;
				TargetAttributes = {
					77B731B31E99CCB60048C491 = {
						CreatedOnToolsVersion = 8.3;
						ProvisioningStyle = Automatic;
					};
				};
			};
			buildConfigurationList = 77B731AF1E99CCB60048C491 /* Build configuration list for PBXProject "hello-ios-swift" */;
			compatibilityVersion = "Xcode 3.2";
			developmentRegion = English;
			hasScannedForEncodings = 0;
			knownRegions = (
				en,
				Base,
			);
			mainGroup = 77B731AB1E99CCB60048C491;
			productRefGroup = 77B731B51E99CCB60048C491 /* Products */;
			projectDirPath = "";
			projectRoot = "";
			targets = (
				77B731B31E99CCB60048C491 /* hello-ios-swift */,
			);
		};
/* End PBXProject section */

/* Begin PBXResourcesBuildPhase section */
		77B731B21E99CCB60048C491 /* Resources */ = {
			isa = PBXResourcesBuildPhase;
			buildActionMask = 2147483647;
			files = (
				77B731C21E99CCB60048C491 /* LaunchScreen.storyboard in Resources */,
				77B731BF1E99CCB60048C491 /* Assets.xcassets in Resources */,
				77B731BD1E99CCB60048C491 /* Main.storyboard in Resources */,
			);
			runOnlyForDeploymentPostprocessing = 0;
		};
/* End PBXResourcesBuildPhase section */

/* Begin PBXShellScriptBuildPhase section */
		B9B50CABEA8814C99928CF10 /* [CP] Check Pods Manifest.lock */ = {
			isa = PBXShellScriptBuildPhase;
			buildActionMask = 2147483647;
			files = (
			);
			inputPaths = (
			);
			name = "[CP] Check Pods Manifest.lock";
			outputPaths = (
			);
			runOnlyForDeploymentPostprocessing = 0;
			shellPath = /bin/sh;
			shellScript = "diff \"${PODS_ROOT}/../Podfile.lock\" \"${PODS_ROOT}/Manifest.lock\" > /dev/null\nif [ $? != 0 ] ; then\n    # print error to STDERR\n    echo \"error: The sandbox is not in sync with the Podfile.lock. Run 'pod install' or update your CocoaPods installation.\" >&2\n    exit 1\nfi\n";
			showEnvVarsInLog = 0;
		};
		C89B5F3EB90A623C6EC41327 /* [CP] Embed Pods Frameworks */ = {
			isa = PBXShellScriptBuildPhase;
			buildActionMask = 2147483647;
			files = (
			);
			inputPaths = (
			);
			name = "[CP] Embed Pods Frameworks";
			outputPaths = (
			);
			runOnlyForDeploymentPostprocessing = 0;
			shellPath = /bin/sh;
			shellScript = "\"${SRCROOT}/Pods/Target Support Files/Pods-hello-ios-swift/Pods-hello-ios-swift-frameworks.sh\"\n";
			showEnvVarsInLog = 0;
		};
		F980D88DDC994E169E5E1F21 /* [CP] Copy Pods Resources */ = {
			isa = PBXShellScriptBuildPhase;
			buildActionMask = 2147483647;
			files = (
			);
			inputPaths = (
			);
			name = "[CP] Copy Pods Resources";
			outputPaths = (
			);
			runOnlyForDeploymentPostprocessing = 0;
			shellPath = /bin/sh;
			shellScript = "\"${SRCROOT}/Pods/Target Support Files/Pods-hello-ios-swift/Pods-hello-ios-swift-resources.sh\"\n";
			showEnvVarsInLog = 0;
		};
/* End PBXShellScriptBuildPhase section */

/* Begin PBXSourcesBuildPhase section */
		77B731B01E99CCB60048C491 /* Sources */ = {
			isa = PBXSourcesBuildPhase;
			buildActionMask = 2147483647;
			files = (
				77B731BA1E99CCB60048C491 /* ViewController.swift in Sources */,
				77B731B81E99CCB60048C491 /* AppDelegate.swift in Sources */,
			);
			runOnlyForDeploymentPostprocessing = 0;
		};
/* End PBXSourcesBuildPhase section */

/* Begin PBXVariantGroup section */
		77B731BB1E99CCB60048C491 /* Main.storyboard */ = {
			isa = PBXVariantGroup;
			children = (
				77B731BC1E99CCB60048C491 /* Base */,
			);
			name = Main.storyboard;
			sourceTree = "<group>";
		};
		77B731C01E99CCB60048C491 /* LaunchScreen.storyboard */ = {
			isa = PBXVariantGroup;
			children = (
				77B731C11E99CCB60048C491 /* Base */,
			);
			name = LaunchScreen.storyboard;
			sourceTree = "<group>";
		};
/* End PBXVariantGroup section */

/* Begin XCBuildConfiguration section */
		77B731C41E99CCB60048C491 /* Debug */ = {
			isa = XCBuildConfiguration;
			buildSettings = {
				ALWAYS_SEARCH_USER_PATHS = NO;
				CLANG_ANALYZER_NONNULL = YES;
				CLANG_ANALYZER_NUMBER_OBJECT_CONVERSION = YES_AGGRESSIVE;
				CLANG_CXX_LANGUAGE_STANDARD = "gnu++0x";
				CLANG_CXX_LIBRARY = "libc++";
				CLANG_ENABLE_MODULES = YES;
				CLANG_ENABLE_OBJC_ARC = YES;
				CLANG_WARN_BOOL_CONVERSION = YES;
				CLANG_WARN_CONSTANT_CONVERSION = YES;
				CLANG_WARN_DIRECT_OBJC_ISA_USAGE = YES_ERROR;
				CLANG_WARN_DOCUMENTATION_COMMENTS = YES;
				CLANG_WARN_EMPTY_BODY = YES;
				CLANG_WARN_ENUM_CONVERSION = YES;
				CLANG_WARN_INFINITE_RECURSION = YES;
				CLANG_WARN_INT_CONVERSION = YES;
				CLANG_WARN_OBJC_ROOT_CLASS = YES_ERROR;
				CLANG_WARN_SUSPICIOUS_MOVE = YES;
				CLANG_WARN_UNREACHABLE_CODE = YES;
				CLANG_WARN__DUPLICATE_METHOD_MATCH = YES;
				"CODE_SIGN_IDENTITY[sdk=iphoneos*]" = "iPhone Developer";
				COPY_PHASE_STRIP = NO;
				DEBUG_INFORMATION_FORMAT = dwarf;
				ENABLE_STRICT_OBJC_MSGSEND = YES;
				ENABLE_TESTABILITY = YES;
				GCC_C_LANGUAGE_STANDARD = gnu99;
				GCC_DYNAMIC_NO_PIC = NO;
				GCC_NO_COMMON_BLOCKS = YES;
				GCC_OPTIMIZATION_LEVEL = 0;
				GCC_PREPROCESSOR_DEFINITIONS = (
					"DEBUG=1",
					"$(inherited)",
				);
				GCC_WARN_64_TO_32_BIT_CONVERSION = YES;
				GCC_WARN_ABOUT_RETURN_TYPE = YES_ERROR;
				GCC_WARN_UNDECLARED_SELECTOR = YES;
				GCC_WARN_UNINITIALIZED_AUTOS = YES_AGGRESSIVE;
				GCC_WARN_UNUSED_FUNCTION = YES;
				GCC_WARN_UNUSED_VARIABLE = YES;
				IPHONEOS_DEPLOYMENT_TARGET = 10.3;
				MTL_ENABLE_DEBUG_INFO = YES;
				ONLY_ACTIVE_ARCH = YES;
				SDKROOT = iphoneos;
				SWIFT_ACTIVE_COMPILATION_CONDITIONS = DEBUG;
				SWIFT_OPTIMIZATION_LEVEL = "-Onone";
				TARGETED_DEVICE_FAMILY = "1,2";
			};
			name = Debug;
		};
		77B731C51E99CCB60048C491 /* Release */ = {
			isa = XCBuildConfiguration;
			buildSettings = {
				ALWAYS_SEARCH_USER_PATHS = NO;
				CLANG_ANALYZER_NONNULL = YES;
				CLANG_ANALYZER_NUMBER_OBJECT_CONVERSION = YES_AGGRESSIVE;
				CLANG_CXX_LANGUAGE_STANDARD = "gnu++0x";
				CLANG_CXX_LIBRARY = "libc++";
				CLANG_ENABLE_MODULES = YES;
				CLANG_ENABLE_OBJC_ARC = YES;
				CLANG_WARN_BOOL_CONVERSION = YES;
				CLANG_WARN_CONSTANT_CONVERSION = YES;
				CLANG_WARN_DIRECT_OBJC_ISA_USAGE = YES_ERROR;
				CLANG_WARN_DOCUMENTATION_COMMENTS = YES;
				CLANG_WARN_EMPTY_BODY = YES;
				CLANG_WARN_ENUM_CONVERSION = YES;
				CLANG_WARN_INFINITE_RECURSION = YES;
				CLANG_WARN_INT_CONVERSION = YES;
				CLANG_WARN_OBJC_ROOT_CLASS = YES_ERROR;
				CLANG_WARN_SUSPICIOUS_MOVE = YES;
				CLANG_WARN_UNREACHABLE_CODE = YES;
				CLANG_WARN__DUPLICATE_METHOD_MATCH = YES;
				"CODE_SIGN_IDENTITY[sdk=iphoneos*]" = "iPhone Developer";
				COPY_PHASE_STRIP = NO;
				DEBUG_INFORMATION_FORMAT = "dwarf-with-dsym";
				ENABLE_NS_ASSERTIONS = NO;
				ENABLE_STRICT_OBJC_MSGSEND = YES;
				GCC_C_LANGUAGE_STANDARD = gnu99;
				GCC_NO_COMMON_BLOCKS = YES;
				GCC_WARN_64_TO_32_BIT_CONVERSION = YES;
				GCC_WARN_ABOUT_RETURN_TYPE = YES_ERROR;
				GCC_WARN_UNDECLARED_SELECTOR = YES;
				GCC_WARN_UNINITIALIZED_AUTOS = YES_AGGRESSIVE;
				GCC_WARN_UNUSED_FUNCTION = YES;
				GCC_WARN_UNUSED_VARIABLE = YES;
				IPHONEOS_DEPLOYMENT_TARGET = 10.3;
				MTL_ENABLE_DEBUG_INFO = NO;
				SDKROOT = iphoneos;
				SWIFT_OPTIMIZATION_LEVEL = "-Owholemodule";
				TARGETED_DEVICE_FAMILY = "1,2";
				VALIDATE_PRODUCT = YES;
			};
			name = Release;
		};
		77B731C71E99CCB60048C491 /* Debug */ = {
			isa = XCBuildConfiguration;
			baseConfigurationReference = 1CF82152221BE298F80D4902 /* Pods-hello-ios-swift.debug.xcconfig */;
			buildSettings = {
				ASSETCATALOG_COMPILER_APPICON_NAME = AppIcon;
				INFOPLIST_FILE = "hello-ios-swift/Info.plist";
				LD_RUNPATH_SEARCH_PATHS = "$(inherited) @executable_path/Frameworks";
				PRODUCT_BUNDLE_IDENTIFIER = "com.launchdarkly.hello-ios-swift";
				PRODUCT_NAME = "$(TARGET_NAME)";
				SWIFT_VERSION = 3.0;
			};
			name = Debug;
		};
		77B731C81E99CCB60048C491 /* Release */ = {
			isa = XCBuildConfiguration;
			baseConfigurationReference = 2F47F340C8D479912A787523 /* Pods-hello-ios-swift.release.xcconfig */;
			buildSettings = {
				ASSETCATALOG_COMPILER_APPICON_NAME = AppIcon;
				INFOPLIST_FILE = "hello-ios-swift/Info.plist";
				LD_RUNPATH_SEARCH_PATHS = "$(inherited) @executable_path/Frameworks";
				PRODUCT_BUNDLE_IDENTIFIER = "com.launchdarkly.hello-ios-swift";
				PRODUCT_NAME = "$(TARGET_NAME)";
				SWIFT_VERSION = 3.0;
			};
			name = Release;
		};
/* End XCBuildConfiguration section */

/* Begin XCConfigurationList section */
		77B731AF1E99CCB60048C491 /* Build configuration list for PBXProject "hello-ios-swift" */ = {
			isa = XCConfigurationList;
			buildConfigurations = (
				77B731C41E99CCB60048C491 /* Debug */,
				77B731C51E99CCB60048C491 /* Release */,
			);
			defaultConfigurationIsVisible = 0;
			defaultConfigurationName = Release;
		};
		77B731C61E99CCB60048C491 /* Build configuration list for PBXNativeTarget "hello-ios-swift" */ = {
			isa = XCConfigurationList;
			buildConfigurations = (
				77B731C71E99CCB60048C491 /* Debug */,
				77B731C81E99CCB60048C491 /* Release */,
			);
			defaultConfigurationIsVisible = 0;
		};
/* End XCConfigurationList section */
	};
	rootObject = 77B731AC1E99CCB60048C491 /* Project object */;
}
